{
  "name": "proyecto_final",
  "lockfileVersion": 3,
  "requires": true,
  "packages": {
    "": {
      "dependencies": {
        "@fullcalendar/core": "^6.1.10",
        "@fullcalendar/resource": "^6.1.10",
        "@fullcalendar/resource-timegrid": "^6.1.10"
      }
    },
    "node_modules/@fullcalendar/core": {
      "version": "6.1.10",
      "resolved": "https://registry.npmjs.org/@fullcalendar/core/-/core-6.1.10.tgz",
      "integrity": "sha512-oTXGJSAGpCf1oY+CKp5qYjMHkJCPBkJ3SHitl63n8Q6xKeiwQ4EF6Au451euUovREwJpLmD1AyZrCnWmtB9AVg==",
      "dependencies": {
        "preact": "~10.12.1"
      }
    },
    "node_modules/@fullcalendar/daygrid": {
      "version": "6.1.10",
      "resolved": "https://registry.npmjs.org/@fullcalendar/daygrid/-/daygrid-6.1.10.tgz",
      "integrity": "sha512-Z4GRm1IyHKgxXFTWGcEI0nTsvYOIkpE0aMt3/o3ER2SZkF+hfwcDFhtj0c9+WhMjXFIWYeoTnA9rUOY7Zl/nxA==",
      "peerDependencies": {
        "@fullcalendar/core": "~6.1.10"
      }
    },
    "node_modules/@fullcalendar/premium-common": {
      "version": "6.1.10",
      "resolved": "https://registry.npmjs.org/@fullcalendar/premium-common/-/premium-common-6.1.10.tgz",
      "integrity": "sha512-j/TiVuy+i6vA+SUas2lvHlXuefbOqu5FDA1dCVIi4vuaFvxDY7OlmTRhgnfWbLwV8jlQg7GYadID6ajQil1BKQ==",
      "peerDependencies": {
        "@fullcalendar/core": "~6.1.10"
      }
    },
    "node_modules/@fullcalendar/resource": {
      "version": "6.1.10",
      "resolved": "https://registry.npmjs.org/@fullcalendar/resource/-/resource-6.1.10.tgz",
      "integrity": "sha512-peoNfLgdA5B/wP+ETxyRlmyT/elJFxOo3zM2XwXL+XvPI/Bpu0FQw3/NJ9855gisdMK8YnjhoeVnc2X1Odw4TA==",
      "dependencies": {
        "@fullcalendar/premium-common": "~6.1.10"
      },
      "peerDependencies": {
        "@fullcalendar/core": "~6.1.10"
      }
    },
    "node_modules/@fullcalendar/resource-daygrid": {
      "version": "6.1.10",
      "resolved": "https://registry.npmjs.org/@fullcalendar/resource-daygrid/-/resource-daygrid-6.1.10.tgz",
      "integrity": "sha512-5ujqST7Mx4BdPzucdE+dc7/nYCWKpei0qN9ecWxNBwFx/FaFq6ce9Yb8yDcz2tOwesDowXooQkbe19oWa9k/tw==",
      "dependencies": {
        "@fullcalendar/daygrid": "~6.1.10",
        "@fullcalendar/premium-common": "~6.1.10"
      },
      "peerDependencies": {
        "@fullcalendar/core": "~6.1.10",
        "@fullcalendar/resource": "~6.1.10"
      }
    },
    "node_modules/@fullcalendar/resource-timegrid": {
      "version": "6.1.10",
      "resolved": "https://registry.npmjs.org/@fullcalendar/resource-timegrid/-/resource-timegrid-6.1.10.tgz",
      "integrity": "sha512-288MnoanE0JPwfD4pzG5+jTGpVRDMc9k7kfY0U2jPTUsXuggIFGmZAD2hgzadmDFX/e0JLJpVZvPMga5w4DOwA==",
      "dependencies": {
        "@fullcalendar/premium-common": "~6.1.10",
        "@fullcalendar/resource-daygrid": "~6.1.10",
        "@fullcalendar/timegrid": "~6.1.10"
      },
      "peerDependencies": {
        "@fullcalendar/core": "~6.1.10",
        "@fullcalendar/resource": "~6.1.10"
      }
    },
    "node_modules/@fullcalendar/timegrid": {
      "version": "6.1.10",
      "resolved": "https://registry.npmjs.org/@fullcalendar/timegrid/-/timegrid-6.1.10.tgz",
      "integrity": "sha512-hFKyQXJaPbNyq1reZmvkCmM64O99krHoIcJAbDS+dntCm3FzZUcDtAcRKIbMiantHrezCG/1MEYk3m9e3aKvIQ==",
      "dependencies": {
        "@fullcalendar/daygrid": "~6.1.10"
      },
      "peerDependencies": {
        "@fullcalendar/core": "~6.1.10"
      }
    },
    "node_modules/preact": {
      "version": "10.12.1",
      "resolved": "https://registry.npmjs.org/preact/-/preact-10.12.1.tgz",
      "integrity": "sha512-l8386ixSsBdbreOAkqtrwqHwdvR35ID8c3rKPa8lCWuO86dBi32QWHV4vfsZK1utLLFMvw+Z5Ad4XLkZzchscg==",
      "funding": {
        "type": "opencollective",
        "url": "https://opencollective.com/preact"
      }
    }
  }
}
